
Microsoft Visual Studio Solution File, Format Version 12.00
# Visual Studio 2012
Project("{FAE04EC0-301F-11D3-BF4B-00C04F79EFBC}") = "BasicUI", "BasicUI\BasicUI.csproj", "{3F9D998A-46C1-4CC9-AC0F-65FD43569F20}"
EndProject
Project("{2150E333-8FDC-42A3-9474-1A3956D46DE8}") = "Solution Items", "Solution Items", "{22D11BC0-BB02-476A-8602-FD54182A3CA1}"
	ProjectSection(SolutionItems) = preProject
		BasicUI\bid_auction.png = BasicUI\bid_auction.png
	EndProjectSection
EndProject
Global
	GlobalSection(SolutionConfigurationPlatforms) = preSolution
		Debug|iPhoneSimulator = Debug|iPhoneSimulator
		Release|iPhone = Release|iPhone
		Release|iPhoneSimulator = Release|iPhoneSimulator
		Debug|iPhone = Debug|iPhone
	EndGlobalSection
	GlobalSection(ProjectConfigurationPlatforms) = postSolution
		{3F9D998A-46C1-4CC9-AC0F-65FD43569F20}.Debug|iPhone.ActiveCfg = Debug|iPhone
		{3F9D998A-46C1-4CC9-AC0F-65FD43569F20}.Debug|iPhone.Build.0 = Debug|iPhone
		{3F9D998A-46C1-4CC9-AC0F-65FD43569F20}.Debug|iPhoneSimulator.ActiveCfg = Debug|iPhoneSimulator
		{3F9D998A-46C1-4CC9-AC0F-65FD43569F20}.Debug|iPhoneSimulator.Build.0 = Debug|iPhoneSimulator
		{3F9D998A-46C1-4CC9-AC0F-65FD43569F20}.Release|iPhone.ActiveCfg = Release|iPhone
		{3F9D998A-46C1-4CC9-AC0F-65FD43569F20}.Release|iPhone.Build.0 = Release|iPhone
		{3F9D998A-46C1-4CC9-AC0F-65FD43569F20}.Release|iPhoneSimulator.ActiveCfg = Release|iPhoneSimulator
		{3F9D998A-46C1-4CC9-AC0F-65FD43569F20}.Release|iPhoneSimulator.Build.0 = Release|iPhoneSimulator
	EndGlobalSection
	GlobalSection(NestedProjects) = preSolution
	EndGlobalSection
EndGlobal
